
Microsoft Visual Studio Solution File, Format Version 12.00
# Visual Studio Version 16
VisualStudioVersion = 16.0.29306.81
MinimumVisualStudioVersion = 10.0.40219.1
Project("{8BC9CEB8-8B4A-11D0-8D11-00A0C91BC942}") = "Program1c", "Program1c.vcxproj", "{FC070FFA-4F10-4DB2-9834-B180D62C77AA}"
EndProject
Global
	GlobalSection(SolutionConfigurationPlatforms) = preSolution
		Debug|x64 = Debug|x64
		Debug|x86 = Debug|x86
		Release|x64 = Release|x64
		Release|x86 = Release|x86
	EndGlobalSection
	GlobalSection(ProjectConfigurationPlatforms) = postSolution
		{FC070FFA-4F10-4DB2-9834-B180D62C77AA}.Debug|x64.ActiveCfg = Debug|x64
		{FC070FFA-4F10-4DB2-9834-B180D62C77AA}.Debug|x64.Build.0 = Debug|x64
		{FC070FFA-4F10-4DB2-9834-B180D62C77AA}.Debug|x86.ActiveCfg = Debug|Win32
		{FC070FFA-4F10-4DB2-9834-B180D62C77AA}.Debug|x86.Build.0 = Debug|Win32
		{FC070FFA-4F10-4DB2-9834-B180D62C77AA}.Release|x64.ActiveCfg = Release|x64
		{FC070FFA-4F10-4DB2-9834-B180D62C77AA}.Release|x64.Build.0 = Release|x64
		{FC070FFA-4F10-4DB2-9834-B180D62C77AA}.Release|x86.ActiveCfg = Release|Win32
		{FC070FFA-4F10-4DB2-9834-B180D62C77AA}.Release|x86.Build.0 = Release|Win32
	EndGlobalSection
	GlobalSection(SolutionProperties) = preSolution
		HideSolutionNode = FALSE
	EndGlobalSection
	GlobalSection(ExtensibilityGlobals) = postSolution
		SolutionGuid = {A8EBE7FD-035B-4C37-BEC6-CE9D3AF3B060}
	EndGlobalSection
EndGlobal
