
Microsoft Visual Studio Solution File, Format Version 12.00
# Visual Studio Version 16
VisualStudioVersion = 16.0.29215.179
MinimumVisualStudioVersion = 10.0.40219.1
Project("{8BC9CEB8-8B4A-11D0-8D11-00A0C91BC942}") = "ReadDict", "ReadDict.vcxproj", "{7FB4D516-A427-4E54-8D36-DBD3A7044F7C}"
EndProject
Global
	GlobalSection(SolutionConfigurationPlatforms) = preSolution
		Debug|x64 = Debug|x64
		Debug|x86 = Debug|x86
		Release|x64 = Release|x64
		Release|x86 = Release|x86
	EndGlobalSection
	GlobalSection(ProjectConfigurationPlatforms) = postSolution
		{7FB4D516-A427-4E54-8D36-DBD3A7044F7C}.Debug|x64.ActiveCfg = Debug|x64
		{7FB4D516-A427-4E54-8D36-DBD3A7044F7C}.Debug|x64.Build.0 = Debug|x64
		{7FB4D516-A427-4E54-8D36-DBD3A7044F7C}.Debug|x86.ActiveCfg = Debug|Win32
		{7FB4D516-A427-4E54-8D36-DBD3A7044F7C}.Debug|x86.Build.0 = Debug|Win32
		{7FB4D516-A427-4E54-8D36-DBD3A7044F7C}.Release|x64.ActiveCfg = Release|x64
		{7FB4D516-A427-4E54-8D36-DBD3A7044F7C}.Release|x64.Build.0 = Release|x64
		{7FB4D516-A427-4E54-8D36-DBD3A7044F7C}.Release|x86.ActiveCfg = Release|Win32
		{7FB4D516-A427-4E54-8D36-DBD3A7044F7C}.Release|x86.Build.0 = Release|Win32
	EndGlobalSection
	GlobalSection(SolutionProperties) = preSolution
		HideSolutionNode = FALSE
	EndGlobalSection
	GlobalSection(ExtensibilityGlobals) = postSolution
		SolutionGuid = {824E4B26-472D-4E77-A8B5-020BF98CDF85}
	EndGlobalSection
EndGlobal
